
Microsoft Visual Studio Solution File, Format Version 12.00
# Visual Studio Version 17
VisualStudioVersion = 17.9.34902.65
MinimumVisualStudioVersion = 10.0.40219.1
Project("{FAE04EC0-301F-11D3-BF4B-00C04F79EFBC}") = "AlgorithmToolboxApp", "AlgorithmToolboxApp\AlgorithmToolboxApp.csproj", "{A2408E70-C48D-4AC6-B881-34F733BA48BB}"
EndProject
Project("{FAE04EC0-301F-11D3-BF4B-00C04F79EFBC}") = "AlgorithmLibrary", "AlgorithmLibrary\AlgorithmLibrary.csproj", "{E8262803-B0DA-440B-B1A7-692AC0A863A9}"
EndProject
Global
	GlobalSection(SolutionConfigurationPlatforms) = preSolution
		Debug|Any CPU = Debug|Any CPU
		Release|Any CPU = Release|Any CPU
	EndGlobalSection
	GlobalSection(ProjectConfigurationPlatforms) = postSolution
		{A2408E70-C48D-4AC6-B881-34F733BA48BB}.Debug|Any CPU.ActiveCfg = Debug|Any CPU
		{A2408E70-C48D-4AC6-B881-34F733BA48BB}.Debug|Any CPU.Build.0 = Debug|Any CPU
		{A2408E70-C48D-4AC6-B881-34F733BA48BB}.Release|Any CPU.ActiveCfg = Release|Any CPU
		{A2408E70-C48D-4AC6-B881-34F733BA48BB}.Release|Any CPU.Build.0 = Release|Any CPU
		{E8262803-B0DA-440B-B1A7-692AC0A863A9}.Debug|Any CPU.ActiveCfg = Debug|Any CPU
		{E8262803-B0DA-440B-B1A7-692AC0A863A9}.Debug|Any CPU.Build.0 = Debug|Any CPU
		{E8262803-B0DA-440B-B1A7-692AC0A863A9}.Release|Any CPU.ActiveCfg = Release|Any CPU
		{E8262803-B0DA-440B-B1A7-692AC0A863A9}.Release|Any CPU.Build.0 = Release|Any CPU
	EndGlobalSection
	GlobalSection(SolutionProperties) = preSolution
		HideSolutionNode = FALSE
	EndGlobalSection
	GlobalSection(ExtensibilityGlobals) = postSolution
		SolutionGuid = {B39492DC-FB4A-4594-9622-59D53B7E6EBA}
	EndGlobalSection
EndGlobal
